
Microsoft Visual Studio Solution File, Format Version 12.00
# Visual Studio Version 17
VisualStudioVersion = 17.8.34316.72
MinimumVisualStudioVersion = 10.0.40219.1
Project("{FAE04EC0-301F-11D3-BF4B-00C04F79EFBC}") = "ShareMemoriesHub", "ShareMemoriesHub.csproj", "{CCC136A6-46A1-4FAF-8D71-788454CD5667}"
EndProject
Global
	GlobalSection(SolutionConfigurationPlatforms) = preSolution
		Debug|Any CPU = Debug|Any CPU
		Release|Any CPU = Release|Any CPU
	EndGlobalSection
	GlobalSection(ProjectConfigurationPlatforms) = postSolution
		{CCC136A6-46A1-4FAF-8D71-788454CD5667}.Debug|Any CPU.ActiveCfg = Debug|Any CPU
		{CCC136A6-46A1-4FAF-8D71-788454CD5667}.Debug|Any CPU.Build.0 = Debug|Any CPU
		{CCC136A6-46A1-4FAF-8D71-788454CD5667}.Release|Any CPU.ActiveCfg = Release|Any CPU
		{CCC136A6-46A1-4FAF-8D71-788454CD5667}.Release|Any CPU.Build.0 = Release|Any CPU
	EndGlobalSection
	GlobalSection(SolutionProperties) = preSolution
		HideSolutionNode = FALSE
	EndGlobalSection
	GlobalSection(ExtensibilityGlobals) = postSolution
		SolutionGuid = {DF86967F-9165-4859-B978-222EC3D02B30}
	EndGlobalSection
EndGlobal
