
Microsoft Visual Studio Solution File, Format Version 12.00
# Visual Studio Version 17
VisualStudioVersion = 17.8.34316.72
MinimumVisualStudioVersion = 10.0.40219.1
Project("{FAE04EC0-301F-11D3-BF4B-00C04F79EFBC}") = "WebApplication2", "WebApplication2.csproj", "{4A64476D-A7F7-43DE-9D52-51F53DE5AB8C}"
EndProject
Global
	GlobalSection(SolutionConfigurationPlatforms) = preSolution
		Debug|Any CPU = Debug|Any CPU
		Release|Any CPU = Release|Any CPU
	EndGlobalSection
	GlobalSection(ProjectConfigurationPlatforms) = postSolution
		{4A64476D-A7F7-43DE-9D52-51F53DE5AB8C}.Debug|Any CPU.ActiveCfg = Debug|Any CPU
		{4A64476D-A7F7-43DE-9D52-51F53DE5AB8C}.Debug|Any CPU.Build.0 = Debug|Any CPU
		{4A64476D-A7F7-43DE-9D52-51F53DE5AB8C}.Release|Any CPU.ActiveCfg = Release|Any CPU
		{4A64476D-A7F7-43DE-9D52-51F53DE5AB8C}.Release|Any CPU.Build.0 = Release|Any CPU
	EndGlobalSection
	GlobalSection(SolutionProperties) = preSolution
		HideSolutionNode = FALSE
	EndGlobalSection
	GlobalSection(ExtensibilityGlobals) = postSolution
		SolutionGuid = {E1E0BEAE-F1BC-4036-8808-F49028C3AD23}
	EndGlobalSection
EndGlobal
